
Microsoft Visual Studio Solution File, Format Version 12.00
# Visual Studio Version 16
VisualStudioVersion = 16.0.30204.135
MinimumVisualStudioVersion = 10.0.40219.1
Project("{FAE04EC0-301F-11D3-BF4B-00C04F79EFBC}") = "Lab3_3_AspNetMVC_Sakila_DBFirst", "Lab3_3_AspNetMVC_Sakila_DBFirst.csproj", "{ABF0FA38-C4E8-4145-AA9F-95C888E91453}"
EndProject
Global
	GlobalSection(SolutionConfigurationPlatforms) = preSolution
		Debug|Any CPU = Debug|Any CPU
		Release|Any CPU = Release|Any CPU
	EndGlobalSection
	GlobalSection(ProjectConfigurationPlatforms) = postSolution
		{ABF0FA38-C4E8-4145-AA9F-95C888E91453}.Debug|Any CPU.ActiveCfg = Debug|Any CPU
		{ABF0FA38-C4E8-4145-AA9F-95C888E91453}.Debug|Any CPU.Build.0 = Debug|Any CPU
		{ABF0FA38-C4E8-4145-AA9F-95C888E91453}.Release|Any CPU.ActiveCfg = Release|Any CPU
		{ABF0FA38-C4E8-4145-AA9F-95C888E91453}.Release|Any CPU.Build.0 = Release|Any CPU
	EndGlobalSection
	GlobalSection(SolutionProperties) = preSolution
		HideSolutionNode = FALSE
	EndGlobalSection
	GlobalSection(ExtensibilityGlobals) = postSolution
		SolutionGuid = {4A06BCCF-EE5C-480C-AA27-5496AF9DFBB0}
	EndGlobalSection
EndGlobal
